// !$*UTF8*$!
{
	archiveVersion = 1;
	classes = {
	};
	objectVersion = 50;
	objects = {

/* Begin PBXBuildFile section */
		3205083E215E9794000B63AF /* portland-concrete-effect-vinyl-flooring-grey.jpg in Resources */ = {isa = PBXBuildFile; fileRef = 3205083D215E9794000B63AF /* portland-concrete-effect-vinyl-flooring-grey.jpg */; };
		32050840215E9799000B63AF /* iS_makeitdouble.jpg in Resources */ = {isa = PBXBuildFile; fileRef = 3205083F215E9799000B63AF /* iS_makeitdouble.jpg */; };
		32261168215C54880041EE81 /* rockWall.scn in Resources */ = {isa = PBXBuildFile; fileRef = 32261167215C54880041EE81 /* rockWall.scn */; };
		32F43FF721837C2500591B41 /* SceneSerializer.swift in Sources */ = {isa = PBXBuildFile; fileRef = 32F43FF621837C2500591B41 /* SceneSerializer.swift */; };
		32F43FF921837D5D00591B41 /* SerialTest.scn in Resources */ = {isa = PBXBuildFile; fileRef = 32F43FF821837D5D00591B41 /* SerialTest.scn */; };
		662C072F2166E45600559225 /* HomeViewController.swift in Sources */ = {isa = PBXBuildFile; fileRef = 662C072E2166E45600559225 /* HomeViewController.swift */; };
		666396032162FB2300474CBF /* LoginViewController.swift in Sources */ = {isa = PBXBuildFile; fileRef = 666396022162FB2300474CBF /* LoginViewController.swift */; };
		66A35AF0218292FB008F2B8C /* RoutesTableViewController.swift in Sources */ = {isa = PBXBuildFile; fileRef = 66A35AEF218292FB008F2B8C /* RoutesTableViewController.swift */; };
		66A35AF2218294BD008F2B8C /* ViewRouteViewController.swift in Sources */ = {isa = PBXBuildFile; fileRef = 66A35AF1218294BD008F2B8C /* ViewRouteViewController.swift */; };
		66FA5115216443B70064EDAE /* CreateAccountViewController.swift in Sources */ = {isa = PBXBuildFile; fileRef = 66FA5114216443B70064EDAE /* CreateAccountViewController.swift */; };
		9B21B23021670752006B29EF /* MemberHomeViewController.swift in Sources */ = {isa = PBXBuildFile; fileRef = 9B21B22F21670752006B29EF /* MemberHomeViewController.swift */; };
		9B28463121671CA60009ACD4 /* CreateRouteViewController.swift in Sources */ = {isa = PBXBuildFile; fileRef = 9B28463021671CA60009ACD4 /* CreateRouteViewController.swift */; };
		D48BAF1E2180B12700E1F93B /* UserProfileController.swift in Sources */ = {isa = PBXBuildFile; fileRef = D48BAF1D2180B12700E1F93B /* UserProfileController.swift */; };
		FE7CD1522159ACB700777664 /* AppDelegate.swift in Sources */ = {isa = PBXBuildFile; fileRef = FE7CD1512159ACB700777664 /* AppDelegate.swift */; };
		FE7CD1562159ACB700777664 /* GameViewController.swift in Sources */ = {isa = PBXBuildFile; fileRef = FE7CD1552159ACB700777664 /* GameViewController.swift */; };
		FE7CD1592159ACB700777664 /* Main.storyboard in Resources */ = {isa = PBXBuildFile; fileRef = FE7CD1572159ACB700777664 /* Main.storyboard */; };
		FE7CD15B2159ACB800777664 /* Assets.xcassets in Resources */ = {isa = PBXBuildFile; fileRef = FE7CD15A2159ACB800777664 /* Assets.xcassets */; };
		FE7CD15E2159ACB800777664 /* LaunchScreen.storyboard in Resources */ = {isa = PBXBuildFile; fileRef = FE7CD15C2159ACB800777664 /* LaunchScreen.storyboard */; };
		FE7CD1692159ACB800777664 /* SJU_Rock_WallTests.swift in Sources */ = {isa = PBXBuildFile; fileRef = FE7CD1682159ACB800777664 /* SJU_Rock_WallTests.swift */; };
		FE7CD1742159ACB800777664 /* SJU_Rock_WallUITests.swift in Sources */ = {isa = PBXBuildFile; fileRef = FE7CD1732159ACB800777664 /* SJU_Rock_WallUITests.swift */; };
		FE7CD1832159B35400777664 /* ShapeType.swift in Sources */ = {isa = PBXBuildFile; fileRef = FE7CD1822159B35400777664 /* ShapeType.swift */; };
		FED8A8F12162843E00A91B20 /* Wedgewall.metal in Sources */ = {isa = PBXBuildFile; fileRef = FED8A8F02162843E00A91B20 /* Wedgewall.metal */; };
/* End PBXBuildFile section */

/* Begin PBXContainerItemProxy section */
		FE7CD1652159ACB800777664 /* PBXContainerItemProxy */ = {
			isa = PBXContainerItemProxy;
			containerPortal = FE7CD1462159ACB700777664 /* Project object */;
			proxyType = 1;
			remoteGlobalIDString = FE7CD14D2159ACB700777664;
			remoteInfo = "SJU-Rock-Wall";
		};
		FE7CD1702159ACB800777664 /* PBXContainerItemProxy */ = {
			isa = PBXContainerItemProxy;
			containerPortal = FE7CD1462159ACB700777664 /* Project object */;
			proxyType = 1;
			remoteGlobalIDString = FE7CD14D2159ACB700777664;
			remoteInfo = "SJU-Rock-Wall";
		};
/* End PBXContainerItemProxy section */

/* Begin PBXFileReference section */
		3205083D215E9794000B63AF /* portland-concrete-effect-vinyl-flooring-grey.jpg */ = {isa = PBXFileReference; lastKnownFileType = image.jpeg; name = "portland-concrete-effect-vinyl-flooring-grey.jpg"; path = "Assets.xcassets/portland-concrete-effect-vinyl-flooring-grey.jpg"; sourceTree = "<group>"; };
		3205083F215E9799000B63AF /* iS_makeitdouble.jpg */ = {isa = PBXFileReference; lastKnownFileType = image.jpeg; name = iS_makeitdouble.jpg; path = Assets.xcassets/iS_makeitdouble.jpg; sourceTree = "<group>"; };
		32261167215C54880041EE81 /* rockWall.scn */ = {isa = PBXFileReference; lastKnownFileType = file.bplist; name = rockWall.scn; path = Assets.xcassets/rockWall.scn; sourceTree = "<group>"; };
		32F43FF621837C2500591B41 /* SceneSerializer.swift */ = {isa = PBXFileReference; lastKnownFileType = sourcecode.swift; path = SceneSerializer.swift; sourceTree = "<group>"; };
		32F43FF821837D5D00591B41 /* SerialTest.scn */ = {isa = PBXFileReference; lastKnownFileType = file.bplist; path = SerialTest.scn; sourceTree = "<group>"; };
		662C072E2166E45600559225 /* HomeViewController.swift */ = {isa = PBXFileReference; lastKnownFileType = sourcecode.swift; path = HomeViewController.swift; sourceTree = "<group>"; };
		666396022162FB2300474CBF /* LoginViewController.swift */ = {isa = PBXFileReference; lastKnownFileType = sourcecode.swift; path = LoginViewController.swift; sourceTree = "<group>"; };
		66A35AEF218292FB008F2B8C /* RoutesTableViewController.swift */ = {isa = PBXFileReference; lastKnownFileType = sourcecode.swift; path = RoutesTableViewController.swift; sourceTree = "<group>"; };
		66A35AF1218294BD008F2B8C /* ViewRouteViewController.swift */ = {isa = PBXFileReference; lastKnownFileType = sourcecode.swift; path = ViewRouteViewController.swift; sourceTree = "<group>"; };
		66FA5114216443B70064EDAE /* CreateAccountViewController.swift */ = {isa = PBXFileReference; lastKnownFileType = sourcecode.swift; path = CreateAccountViewController.swift; sourceTree = "<group>"; };
		9B21B22F21670752006B29EF /* MemberHomeViewController.swift */ = {isa = PBXFileReference; lastKnownFileType = sourcecode.swift; path = MemberHomeViewController.swift; sourceTree = "<group>"; };
		9B28463021671CA60009ACD4 /* CreateRouteViewController.swift */ = {isa = PBXFileReference; lastKnownFileType = sourcecode.swift; path = CreateRouteViewController.swift; sourceTree = "<group>"; };
		D48BAF1D2180B12700E1F93B /* UserProfileController.swift */ = {isa = PBXFileReference; lastKnownFileType = sourcecode.swift; path = UserProfileController.swift; sourceTree = "<group>"; };
		FE7CD14E2159ACB700777664 /* SJU-Rock-Wall.app */ = {isa = PBXFileReference; explicitFileType = wrapper.application; includeInIndex = 0; path = "SJU-Rock-Wall.app"; sourceTree = BUILT_PRODUCTS_DIR; };
		FE7CD1512159ACB700777664 /* AppDelegate.swift */ = {isa = PBXFileReference; lastKnownFileType = sourcecode.swift; path = AppDelegate.swift; sourceTree = "<group>"; };
		FE7CD1552159ACB700777664 /* GameViewController.swift */ = {isa = PBXFileReference; lastKnownFileType = sourcecode.swift; path = GameViewController.swift; sourceTree = "<group>"; };
		FE7CD1582159ACB700777664 /* Base */ = {isa = PBXFileReference; lastKnownFileType = file.storyboard; name = Base; path = Base.lproj/Main.storyboard; sourceTree = "<group>"; };
		FE7CD15A2159ACB800777664 /* Assets.xcassets */ = {isa = PBXFileReference; lastKnownFileType = folder.assetcatalog; path = Assets.xcassets; sourceTree = "<group>"; };
		FE7CD15D2159ACB800777664 /* Base */ = {isa = PBXFileReference; lastKnownFileType = file.storyboard; name = Base; path = Base.lproj/LaunchScreen.storyboard; sourceTree = "<group>"; };
		FE7CD15F2159ACB800777664 /* Info.plist */ = {isa = PBXFileReference; lastKnownFileType = text.plist.xml; path = Info.plist; sourceTree = "<group>"; };
		FE7CD1642159ACB800777664 /* SJU-Rock-WallTests.xctest */ = {isa = PBXFileReference; explicitFileType = wrapper.cfbundle; includeInIndex = 0; path = "SJU-Rock-WallTests.xctest"; sourceTree = BUILT_PRODUCTS_DIR; };
		FE7CD1682159ACB800777664 /* SJU_Rock_WallTests.swift */ = {isa = PBXFileReference; lastKnownFileType = sourcecode.swift; path = SJU_Rock_WallTests.swift; sourceTree = "<group>"; };
		FE7CD16A2159ACB800777664 /* Info.plist */ = {isa = PBXFileReference; lastKnownFileType = text.plist.xml; path = Info.plist; sourceTree = "<group>"; };
		FE7CD16F2159ACB800777664 /* SJU-Rock-WallUITests.xctest */ = {isa = PBXFileReference; explicitFileType = wrapper.cfbundle; includeInIndex = 0; path = "SJU-Rock-WallUITests.xctest"; sourceTree = BUILT_PRODUCTS_DIR; };
		FE7CD1732159ACB800777664 /* SJU_Rock_WallUITests.swift */ = {isa = PBXFileReference; lastKnownFileType = sourcecode.swift; path = SJU_Rock_WallUITests.swift; sourceTree = "<group>"; };
		FE7CD1752159ACB800777664 /* Info.plist */ = {isa = PBXFileReference; lastKnownFileType = text.plist.xml; path = Info.plist; sourceTree = "<group>"; };
		FE7CD1822159B35400777664 /* ShapeType.swift */ = {isa = PBXFileReference; lastKnownFileType = sourcecode.swift; path = ShapeType.swift; sourceTree = "<group>"; };
		FED8A8F02162843E00A91B20 /* Wedgewall.metal */ = {isa = PBXFileReference; lastKnownFileType = sourcecode.metal; path = Wedgewall.metal; sourceTree = "<group>"; };
/* End PBXFileReference section */

/* Begin PBXFrameworksBuildPhase section */
		FE7CD14B2159ACB700777664 /* Frameworks */ = {
			isa = PBXFrameworksBuildPhase;
			buildActionMask = 2147483647;
			files = (
			);
			runOnlyForDeploymentPostprocessing = 0;
		};
		FE7CD1612159ACB800777664 /* Frameworks */ = {
			isa = PBXFrameworksBuildPhase;
			buildActionMask = 2147483647;
			files = (
			);
			runOnlyForDeploymentPostprocessing = 0;
		};
		FE7CD16C2159ACB800777664 /* Frameworks */ = {
			isa = PBXFrameworksBuildPhase;
			buildActionMask = 2147483647;
			files = (
			);
			runOnlyForDeploymentPostprocessing = 0;
		};
/* End PBXFrameworksBuildPhase section */

/* Begin PBXGroup section */
		FE7CD1452159ACB700777664 = {
			isa = PBXGroup;
			children = (
				FE7CD1502159ACB700777664 /* SJU-Rock-Wall */,
				FE7CD1672159ACB800777664 /* SJU-Rock-WallTests */,
				FE7CD1722159ACB800777664 /* SJU-Rock-WallUITests */,
				FE7CD14F2159ACB700777664 /* Products */,
			);
			sourceTree = "<group>";
		};
		FE7CD14F2159ACB700777664 /* Products */ = {
			isa = PBXGroup;
			children = (
				FE7CD14E2159ACB700777664 /* SJU-Rock-Wall.app */,
				FE7CD1642159ACB800777664 /* SJU-Rock-WallTests.xctest */,
				FE7CD16F2159ACB800777664 /* SJU-Rock-WallUITests.xctest */,
			);
			name = Products;
			sourceTree = "<group>";
		};
		FE7CD1502159ACB700777664 /* SJU-Rock-Wall */ = {
			isa = PBXGroup;
			children = (
				FE7CD1512159ACB700777664 /* AppDelegate.swift */,
				FE7CD1552159ACB700777664 /* GameViewController.swift */,
				FE7CD1572159ACB700777664 /* Main.storyboard */,
				66A35AF1218294BD008F2B8C /* ViewRouteViewController.swift */,
				66A35AEF218292FB008F2B8C /* RoutesTableViewController.swift */,
				D48BAF1D2180B12700E1F93B /* UserProfileController.swift */,
				9B21B22F21670752006B29EF /* MemberHomeViewController.swift */,
				666396022162FB2300474CBF /* LoginViewController.swift */,
				662C072E2166E45600559225 /* HomeViewController.swift */,
				66FA5114216443B70064EDAE /* CreateAccountViewController.swift */,
				9B28463021671CA60009ACD4 /* CreateRouteViewController.swift */,
				32F43FF621837C2500591B41 /* SceneSerializer.swift */,
				FE7CD15A2159ACB800777664 /* Assets.xcassets */,
				32261167215C54880041EE81 /* rockWall.scn */,
				32F43FF821837D5D00591B41 /* SerialTest.scn */,
				3205083D215E9794000B63AF /* portland-concrete-effect-vinyl-flooring-grey.jpg */,
				3205083F215E9799000B63AF /* iS_makeitdouble.jpg */,
				FE7CD15C2159ACB800777664 /* LaunchScreen.storyboard */,
				FE7CD15F2159ACB800777664 /* Info.plist */,
				FE7CD1822159B35400777664 /* ShapeType.swift */,
				FED8A8F02162843E00A91B20 /* Wedgewall.metal */,
			);
			path = "SJU-Rock-Wall";
			sourceTree = "<group>";
		};
		FE7CD1672159ACB800777664 /* SJU-Rock-WallTests */ = {
			isa = PBXGroup;
			children = (
				FE7CD1682159ACB800777664 /* SJU_Rock_WallTests.swift */,
				FE7CD16A2159ACB800777664 /* Info.plist */,
			);
			path = "SJU-Rock-WallTests";
			sourceTree = "<group>";
		};
		FE7CD1722159ACB800777664 /* SJU-Rock-WallUITests */ = {
			isa = PBXGroup;
			children = (
				FE7CD1732159ACB800777664 /* SJU_Rock_WallUITests.swift */,
				FE7CD1752159ACB800777664 /* Info.plist */,
			);
			path = "SJU-Rock-WallUITests";
			sourceTree = "<group>";
		};
/* End PBXGroup section */

/* Begin PBXNativeTarget section */
		FE7CD14D2159ACB700777664 /* SJU-Rock-Wall */ = {
			isa = PBXNativeTarget;
			buildConfigurationList = FE7CD1782159ACB800777664 /* Build configuration list for PBXNativeTarget "SJU-Rock-Wall" */;
			buildPhases = (
				FE7CD14A2159ACB700777664 /* Sources */,
				FE7CD14B2159ACB700777664 /* Frameworks */,
				FE7CD14C2159ACB700777664 /* Resources */,
			);
			buildRules = (
			);
			dependencies = (
			);
			name = "SJU-Rock-Wall";
			productName = "SJU-Rock-Wall";
			productReference = FE7CD14E2159ACB700777664 /* SJU-Rock-Wall.app */;
			productType = "com.apple.product-type.application";
		};
		FE7CD1632159ACB800777664 /* SJU-Rock-WallTests */ = {
			isa = PBXNativeTarget;
			buildConfigurationList = FE7CD17B2159ACB800777664 /* Build configuration list for PBXNativeTarget "SJU-Rock-WallTests" */;
			buildPhases = (
				FE7CD1602159ACB800777664 /* Sources */,
				FE7CD1612159ACB800777664 /* Frameworks */,
				FE7CD1622159ACB800777664 /* Resources */,
			);
			buildRules = (
			);
			dependencies = (
				FE7CD1662159ACB800777664 /* PBXTargetDependency */,
			);
			name = "SJU-Rock-WallTests";
			productName = "SJU-Rock-WallTests";
			productReference = FE7CD1642159ACB800777664 /* SJU-Rock-WallTests.xctest */;
			productType = "com.apple.product-type.bundle.unit-test";
		};
		FE7CD16E2159ACB800777664 /* SJU-Rock-WallUITests */ = {
			isa = PBXNativeTarget;
			buildConfigurationList = FE7CD17E2159ACB800777664 /* Build configuration list for PBXNativeTarget "SJU-Rock-WallUITests" */;
			buildPhases = (
				FE7CD16B2159ACB800777664 /* Sources */,
				FE7CD16C2159ACB800777664 /* Frameworks */,
				FE7CD16D2159ACB800777664 /* Resources */,
			);
			buildRules = (
			);
			dependencies = (
				FE7CD1712159ACB800777664 /* PBXTargetDependency */,
			);
			name = "SJU-Rock-WallUITests";
			productName = "SJU-Rock-WallUITests";
			productReference = FE7CD16F2159ACB800777664 /* SJU-Rock-WallUITests.xctest */;
			productType = "com.apple.product-type.bundle.ui-testing";
		};
/* End PBXNativeTarget section */

/* Begin PBXProject section */
		FE7CD1462159ACB700777664 /* Project object */ = {
			isa = PBXProject;
			attributes = {
				LastSwiftUpdateCheck = 0940;
				LastUpgradeCheck = 0940;
				ORGANIZATIONNAME = "Tran, Anh B";
				TargetAttributes = {
					FE7CD14D2159ACB700777664 = {
						CreatedOnToolsVersion = 9.4.1;
						LastSwiftMigration = 1000;
					};
					FE7CD1632159ACB800777664 = {
						CreatedOnToolsVersion = 9.4.1;
						LastSwiftMigration = 1000;
						TestTargetID = FE7CD14D2159ACB700777664;
					};
					FE7CD16E2159ACB800777664 = {
						CreatedOnToolsVersion = 9.4.1;
						LastSwiftMigration = 1000;
						TestTargetID = FE7CD14D2159ACB700777664;
					};
				};
			};
			buildConfigurationList = FE7CD1492159ACB700777664 /* Build configuration list for PBXProject "SJU-Rock-Wall" */;
			compatibilityVersion = "Xcode 9.3";
			developmentRegion = en;
			hasScannedForEncodings = 0;
			knownRegions = (
				en,
				Base,
			);
			mainGroup = FE7CD1452159ACB700777664;
			productRefGroup = FE7CD14F2159ACB700777664 /* Products */;
			projectDirPath = "";
			projectRoot = "";
			targets = (
				FE7CD14D2159ACB700777664 /* SJU-Rock-Wall */,
				FE7CD1632159ACB800777664 /* SJU-Rock-WallTests */,
				FE7CD16E2159ACB800777664 /* SJU-Rock-WallUITests */,
			);
		};
/* End PBXProject section */

/* Begin PBXResourcesBuildPhase section */
		FE7CD14C2159ACB700777664 /* Resources */ = {
			isa = PBXResourcesBuildPhase;
			buildActionMask = 2147483647;
			files = (
				FE7CD15E2159ACB800777664 /* LaunchScreen.storyboard in Resources */,
				3205083E215E9794000B63AF /* portland-concrete-effect-vinyl-flooring-grey.jpg in Resources */,
				32261168215C54880041EE81 /* rockWall.scn in Resources */,
				32050840215E9799000B63AF /* iS_makeitdouble.jpg in Resources */,
				FE7CD15B2159ACB800777664 /* Assets.xcassets in Resources */,
				FE7CD1592159ACB700777664 /* Main.storyboard in Resources */,
				32F43FF921837D5D00591B41 /* SerialTest.scn in Resources */,
			);
			runOnlyForDeploymentPostprocessing = 0;
		};
		FE7CD1622159ACB800777664 /* Resources */ = {
			isa = PBXResourcesBuildPhase;
			buildActionMask = 2147483647;
			files = (
			);
			runOnlyForDeploymentPostprocessing = 0;
		};
		FE7CD16D2159ACB800777664 /* Resources */ = {
			isa = PBXResourcesBuildPhase;
			buildActionMask = 2147483647;
			files = (
			);
			runOnlyForDeploymentPostprocessing = 0;
		};
/* End PBXResourcesBuildPhase section */

/* Begin PBXSourcesBuildPhase section */
		FE7CD14A2159ACB700777664 /* Sources */ = {
			isa = PBXSourcesBuildPhase;
			buildActionMask = 2147483647;
			files = (
				66FA5115216443B70064EDAE /* CreateAccountViewController.swift in Sources */,
				66A35AF0218292FB008F2B8C /* RoutesTableViewController.swift in Sources */,
				FED8A8F12162843E00A91B20 /* Wedgewall.metal in Sources */,
				FE7CD1562159ACB700777664 /* GameViewController.swift in Sources */,
				FE7CD1832159B35400777664 /* ShapeType.swift in Sources */,
				66A35AF2218294BD008F2B8C /* ViewRouteViewController.swift in Sources */,
				D48BAF1E2180B12700E1F93B /* UserProfileController.swift in Sources */,
				9B21B23021670752006B29EF /* MemberHomeViewController.swift in Sources */,
				666396032162FB2300474CBF /* LoginViewController.swift in Sources */,
				662C072F2166E45600559225 /* HomeViewController.swift in Sources */,
				32F43FF721837C2500591B41 /* SceneSerializer.swift in Sources */,
				9B28463121671CA60009ACD4 /* CreateRouteViewController.swift in Sources */,
				FE7CD1522159ACB700777664 /* AppDelegate.swift in Sources */,
			);
			runOnlyForDeploymentPostprocessing = 0;
		};
		FE7CD1602159ACB800777664 /* Sources */ = {
			isa = PBXSourcesBuildPhase;
			buildActionMask = 2147483647;
			files = (
				FE7CD1692159ACB800777664 /* SJU_Rock_WallTests.swift in Sources */,
			);
			runOnlyForDeploymentPostprocessing = 0;
		};
		FE7CD16B2159ACB800777664 /* Sources */ = {
			isa = PBXSourcesBuildPhase;
			buildActionMask = 2147483647;
			files = (
				FE7CD1742159ACB800777664 /* SJU_Rock_WallUITests.swift in Sources */,
			);
			runOnlyForDeploymentPostprocessing = 0;
		};
/* End PBXSourcesBuildPhase section */

/* Begin PBXTargetDependency section */
		FE7CD1662159ACB800777664 /* PBXTargetDependency */ = {
			isa = PBXTargetDependency;
			target = FE7CD14D2159ACB700777664 /* SJU-Rock-Wall */;
			targetProxy = FE7CD1652159ACB800777664 /* PBXContainerItemProxy */;
		};
		FE7CD1712159ACB800777664 /* PBXTargetDependency */ = {
			isa = PBXTargetDependency;
			target = FE7CD14D2159ACB700777664 /* SJU-Rock-Wall */;
			targetProxy = FE7CD1702159ACB800777664 /* PBXContainerItemProxy */;
		};
/* End PBXTargetDependency section */

/* Begin PBXVariantGroup section */
		FE7CD1572159ACB700777664 /* Main.storyboard */ = {
			isa = PBXVariantGroup;
			children = (
				FE7CD1582159ACB700777664 /* Base */,
			);
			name = Main.storyboard;
			sourceTree = "<group>";
		};
		FE7CD15C2159ACB800777664 /* LaunchScreen.storyboard */ = {
			isa = PBXVariantGroup;
			children = (
				FE7CD15D2159ACB800777664 /* Base */,
			);
			name = LaunchScreen.storyboard;
			sourceTree = "<group>";
		};
/* End PBXVariantGroup section */

/* Begin XCBuildConfiguration section */
		FE7CD1762159ACB800777664 /* Debug */ = {
			isa = XCBuildConfiguration;
			buildSettings = {
				ALWAYS_SEARCH_USER_PATHS = NO;
				CLANG_ANALYZER_NONNULL = YES;
				CLANG_ANALYZER_NUMBER_OBJECT_CONVERSION = YES_AGGRESSIVE;
				CLANG_CXX_LANGUAGE_STANDARD = "gnu++14";
				CLANG_CXX_LIBRARY = "libc++";
				CLANG_ENABLE_MODULES = YES;
				CLANG_ENABLE_OBJC_ARC = YES;
				CLANG_ENABLE_OBJC_WEAK = YES;
				CLANG_WARN_BLOCK_CAPTURE_AUTORELEASING = YES;
				CLANG_WARN_BOOL_CONVERSION = YES;
				CLANG_WARN_COMMA = YES;
				CLANG_WARN_CONSTANT_CONVERSION = YES;
				CLANG_WARN_DEPRECATED_OBJC_IMPLEMENTATIONS = YES;
				CLANG_WARN_DIRECT_OBJC_ISA_USAGE = YES_ERROR;
				CLANG_WARN_DOCUMENTATION_COMMENTS = YES;
				CLANG_WARN_EMPTY_BODY = YES;
				CLANG_WARN_ENUM_CONVERSION = YES;
				CLANG_WARN_INFINITE_RECURSION = YES;
				CLANG_WARN_INT_CONVERSION = YES;
				CLANG_WARN_NON_LITERAL_NULL_CONVERSION = YES;
				CLANG_WARN_OBJC_IMPLICIT_RETAIN_SELF = YES;
				CLANG_WARN_OBJC_LITERAL_CONVERSION = YES;
				CLANG_WARN_OBJC_ROOT_CLASS = YES_ERROR;
				CLANG_WARN_RANGE_LOOP_ANALYSIS = YES;
				CLANG_WARN_STRICT_PROTOTYPES = YES;
				CLANG_WARN_SUSPICIOUS_MOVE = YES;
				CLANG_WARN_UNGUARDED_AVAILABILITY = YES_AGGRESSIVE;
				CLANG_WARN_UNREACHABLE_CODE = YES;
				CLANG_WARN__DUPLICATE_METHOD_MATCH = YES;
				CODE_SIGN_IDENTITY = "iPhone Developer";
				COPY_PHASE_STRIP = NO;
				DEBUG_INFORMATION_FORMAT = dwarf;
				ENABLE_STRICT_OBJC_MSGSEND = YES;
				ENABLE_TESTABILITY = YES;
				GCC_C_LANGUAGE_STANDARD = gnu11;
				GCC_DYNAMIC_NO_PIC = NO;
				GCC_NO_COMMON_BLOCKS = YES;
				GCC_OPTIMIZATION_LEVEL = 0;
				GCC_PREPROCESSOR_DEFINITIONS = (
					"DEBUG=1",
					"$(inherited)",
				);
				GCC_WARN_64_TO_32_BIT_CONVERSION = YES;
				GCC_WARN_ABOUT_RETURN_TYPE = YES_ERROR;
				GCC_WARN_UNDECLARED_SELECTOR = YES;
				GCC_WARN_UNINITIALIZED_AUTOS = YES_AGGRESSIVE;
				GCC_WARN_UNUSED_FUNCTION = YES;
				GCC_WARN_UNUSED_VARIABLE = YES;
				IPHONEOS_DEPLOYMENT_TARGET = 11.4;
				MTL_ENABLE_DEBUG_INFO = YES;
				ONLY_ACTIVE_ARCH = YES;
				SDKROOT = iphoneos;
				SWIFT_ACTIVE_COMPILATION_CONDITIONS = DEBUG;
				SWIFT_OPTIMIZATION_LEVEL = "-Onone";
			};
			name = Debug;
		};
		FE7CD1772159ACB800777664 /* Release */ = {
			isa = XCBuildConfiguration;
			buildSettings = {
				ALWAYS_SEARCH_USER_PATHS = NO;
				CLANG_ANALYZER_NONNULL = YES;
				CLANG_ANALYZER_NUMBER_OBJECT_CONVERSION = YES_AGGRESSIVE;
				CLANG_CXX_LANGUAGE_STANDARD = "gnu++14";
				CLANG_CXX_LIBRARY = "libc++";
				CLANG_ENABLE_MODULES = YES;
				CLANG_ENABLE_OBJC_ARC = YES;
				CLANG_ENABLE_OBJC_WEAK = YES;
				CLANG_WARN_BLOCK_CAPTURE_AUTORELEASING = YES;
				CLANG_WARN_BOOL_CONVERSION = YES;
				CLANG_WARN_COMMA = YES;
				CLANG_WARN_CONSTANT_CONVERSION = YES;
				CLANG_WARN_DEPRECATED_OBJC_IMPLEMENTATIONS = YES;
				CLANG_WARN_DIRECT_OBJC_ISA_USAGE = YES_ERROR;
				CLANG_WARN_DOCUMENTATION_COMMENTS = YES;
				CLANG_WARN_EMPTY_BODY = YES;
				CLANG_WARN_ENUM_CONVERSION = YES;
				CLANG_WARN_INFINITE_RECURSION = YES;
				CLANG_WARN_INT_CONVERSION = YES;
				CLANG_WARN_NON_LITERAL_NULL_CONVERSION = YES;
				CLANG_WARN_OBJC_IMPLICIT_RETAIN_SELF = YES;
				CLANG_WARN_OBJC_LITERAL_CONVERSION = YES;
				CLANG_WARN_OBJC_ROOT_CLASS = YES_ERROR;
				CLANG_WARN_RANGE_LOOP_ANALYSIS = YES;
				CLANG_WARN_STRICT_PROTOTYPES = YES;
				CLANG_WARN_SUSPICIOUS_MOVE = YES;
				CLANG_WARN_UNGUARDED_AVAILABILITY = YES_AGGRESSIVE;
				CLANG_WARN_UNREACHABLE_CODE = YES;
				CLANG_WARN__DUPLICATE_METHOD_MATCH = YES;
				CODE_SIGN_IDENTITY = "iPhone Developer";
				COPY_PHASE_STRIP = NO;
				DEBUG_INFORMATION_FORMAT = "dwarf-with-dsym";
				ENABLE_NS_ASSERTIONS = NO;
				ENABLE_STRICT_OBJC_MSGSEND = YES;
				GCC_C_LANGUAGE_STANDARD = gnu11;
				GCC_NO_COMMON_BLOCKS = YES;
				GCC_WARN_64_TO_32_BIT_CONVERSION = YES;
				GCC_WARN_ABOUT_RETURN_TYPE = YES_ERROR;
				GCC_WARN_UNDECLARED_SELECTOR = YES;
				GCC_WARN_UNINITIALIZED_AUTOS = YES_AGGRESSIVE;
				GCC_WARN_UNUSED_FUNCTION = YES;
				GCC_WARN_UNUSED_VARIABLE = YES;
				IPHONEOS_DEPLOYMENT_TARGET = 11.4;
				MTL_ENABLE_DEBUG_INFO = NO;
				SDKROOT = iphoneos;
				SWIFT_COMPILATION_MODE = wholemodule;
				SWIFT_OPTIMIZATION_LEVEL = "-O";
				VALIDATE_PRODUCT = YES;
			};
			name = Release;
		};
		FE7CD1792159ACB800777664 /* Debug */ = {
			isa = XCBuildConfiguration;
			buildSettings = {
				ASSETCATALOG_COMPILER_APPICON_NAME = AppIcon;
				CODE_SIGN_STYLE = Automatic;
				DEVELOPMENT_TEAM = 2S7B3MHJRB;
				INFOPLIST_FILE = "SJU-Rock-Wall/Info.plist";
				LD_RUNPATH_SEARCH_PATHS = (
					"$(inherited)",
					"@executable_path/Frameworks",
				);
				PRODUCT_BUNDLE_IDENTIFIER = "SJU-Rock-Wall";
				PRODUCT_NAME = "$(TARGET_NAME)";
				SWIFT_VERSION = 4.2;
				TARGETED_DEVICE_FAMILY = "1,2";
			};
			name = Debug;
		};
		FE7CD17A2159ACB800777664 /* Release */ = {
			isa = XCBuildConfiguration;
			buildSettings = {
				ASSETCATALOG_COMPILER_APPICON_NAME = AppIcon;
				CODE_SIGN_STYLE = Automatic;
				DEVELOPMENT_TEAM = 2S7B3MHJRB;
				INFOPLIST_FILE = "SJU-Rock-Wall/Info.plist";
				LD_RUNPATH_SEARCH_PATHS = (
					"$(inherited)",
					"@executable_path/Frameworks",
				);
				PRODUCT_BUNDLE_IDENTIFIER = "SJU-Rock-Wall";
				PRODUCT_NAME = "$(TARGET_NAME)";
				SWIFT_VERSION = 4.2;
				TARGETED_DEVICE_FAMILY = "1,2";
			};
			name = Release;
		};
		FE7CD17C2159ACB800777664 /* Debug */ = {
			isa = XCBuildConfiguration;
			buildSettings = {
				ALWAYS_EMBED_SWIFT_STANDARD_LIBRARIES = YES;
				BUNDLE_LOADER = "$(TEST_HOST)";
				CODE_SIGN_STYLE = Automatic;
				DEVELOPMENT_TEAM = 6H622C27VK;
				INFOPLIST_FILE = "SJU-Rock-WallTests/Info.plist";
				LD_RUNPATH_SEARCH_PATHS = (
					"$(inherited)",
					"@executable_path/Frameworks",
					"@loader_path/Frameworks",
				);
				PRODUCT_BUNDLE_IDENTIFIER = "CSCI330.SJU-Rock-WallTests";
				PRODUCT_NAME = "$(TARGET_NAME)";
				SWIFT_VERSION = 4.2;
				TARGETED_DEVICE_FAMILY = "1,2";
				TEST_HOST = "$(BUILT_PRODUCTS_DIR)/SJU-Rock-Wall.app/SJU-Rock-Wall";
			};
			name = Debug;
		};
		FE7CD17D2159ACB800777664 /* Release */ = {
			isa = XCBuildConfiguration;
			buildSettings = {
				ALWAYS_EMBED_SWIFT_STANDARD_LIBRARIES = YES;
				BUNDLE_LOADER = "$(TEST_HOST)";
				CODE_SIGN_STYLE = Automatic;
				DEVELOPMENT_TEAM = 6H622C27VK;
				INFOPLIST_FILE = "SJU-Rock-WallTests/Info.plist";
				LD_RUNPATH_SEARCH_PATHS = (
					"$(inherited)",
					"@executable_path/Frameworks",
					"@loader_path/Frameworks",
				);
				PRODUCT_BUNDLE_IDENTIFIER = "CSCI330.SJU-Rock-WallTests";
				PRODUCT_NAME = "$(TARGET_NAME)";
				SWIFT_VERSION = 4.2;
				TARGETED_DEVICE_FAMILY = "1,2";
				TEST_HOST = "$(BUILT_PRODUCTS_DIR)/SJU-Rock-Wall.app/SJU-Rock-Wall";
			};
			name = Release;
		};
		FE7CD17F2159ACB800777664 /* Debug */ = {
			isa = XCBuildConfiguration;
			buildSettings = {
				ALWAYS_EMBED_SWIFT_STANDARD_LIBRARIES = YES;
				CODE_SIGN_STYLE = Automatic;
				DEVELOPMENT_TEAM = 6H622C27VK;
				INFOPLIST_FILE = "SJU-Rock-WallUITests/Info.plist";
				LD_RUNPATH_SEARCH_PATHS = (
					"$(inherited)",
					"@executable_path/Frameworks",
					"@loader_path/Frameworks",
				);
				PRODUCT_BUNDLE_IDENTIFIER = "CSCI330.SJU-Rock-WallUITests";
				PRODUCT_NAME = "$(TARGET_NAME)";
				SWIFT_VERSION = 4.2;
				TARGETED_DEVICE_FAMILY = "1,2";
				TEST_TARGET_NAME = "SJU-Rock-Wall";
			};
			name = Debug;
		};
		FE7CD1802159ACB800777664 /* Release */ = {
			isa = XCBuildConfiguration;
			buildSettings = {
				ALWAYS_EMBED_SWIFT_STANDARD_LIBRARIES = YES;
				CODE_SIGN_STYLE = Automatic;
				DEVELOPMENT_TEAM = 6H622C27VK;
				INFOPLIST_FILE = "SJU-Rock-WallUITests/Info.plist";
				LD_RUNPATH_SEARCH_PATHS = (
					"$(inherited)",
					"@executable_path/Frameworks",
					"@loader_path/Frameworks",
				);
				PRODUCT_BUNDLE_IDENTIFIER = "CSCI330.SJU-Rock-WallUITests";
				PRODUCT_NAME = "$(TARGET_NAME)";
				SWIFT_VERSION = 4.2;
				TARGETED_DEVICE_FAMILY = "1,2";
				TEST_TARGET_NAME = "SJU-Rock-Wall";
			};
			name = Release;
		};
/* End XCBuildConfiguration section */

/* Begin XCConfigurationList section */
		FE7CD1492159ACB700777664 /* Build configuration list for PBXProject "SJU-Rock-Wall" */ = {
			isa = XCConfigurationList;
			buildConfigurations = (
				FE7CD1762159ACB800777664 /* Debug */,
				FE7CD1772159ACB800777664 /* Release */,
			);
			defaultConfigurationIsVisible = 0;
			defaultConfigurationName = Release;
		};
		FE7CD1782159ACB800777664 /* Build configuration list for PBXNativeTarget "SJU-Rock-Wall" */ = {
			isa = XCConfigurationList;
			buildConfigurations = (
				FE7CD1792159ACB800777664 /* Debug */,
				FE7CD17A2159ACB800777664 /* Release */,
			);
			defaultConfigurationIsVisible = 0;
			defaultConfigurationName = Release;
		};
		FE7CD17B2159ACB800777664 /* Build configuration list for PBXNativeTarget "SJU-Rock-WallTests" */ = {
			isa = XCConfigurationList;
			buildConfigurations = (
				FE7CD17C2159ACB800777664 /* Debug */,
				FE7CD17D2159ACB800777664 /* Release */,
			);
			defaultConfigurationIsVisible = 0;
			defaultConfigurationName = Release;
		};
		FE7CD17E2159ACB800777664 /* Build configuration list for PBXNativeTarget "SJU-Rock-WallUITests" */ = {
			isa = XCConfigurationList;
			buildConfigurations = (
				FE7CD17F2159ACB800777664 /* Debug */,
				FE7CD1802159ACB800777664 /* Release */,
			);
			defaultConfigurationIsVisible = 0;
			defaultConfigurationName = Release;
		};
/* End XCConfigurationList section */
	};
	rootObject = FE7CD1462159ACB700777664 /* Project object */;
}
